
Microsoft Visual Studio Solution File, Format Version 11.00
# Visual Studio 2010
Project("{FAE04EC0-301F-11D3-BF4B-00C04F79EFBC}") = "overkill", "Assembly-CSharp-firstpass.csproj", "{17B28096-807D-833E-3A1D-4E5BE238FB15}"
EndProject
Project("{FAE04EC0-301F-11D3-BF4B-00C04F79EFBC}") = "overkill", "Assembly-CSharp.csproj", "{9B567787-016A-BBDB-1271-74224712FA81}"
EndProject
Project("{FAE04EC0-301F-11D3-BF4B-00C04F79EFBC}") = "overkill", "Assembly-CSharp-Editor-firstpass.csproj", "{B93EB711-3A10-2DA7-DF71-0A4E2A2ED80C}"
EndProject
Global
	GlobalSection(SolutionConfigurationPlatforms) = preSolution
		Debug|Any CPU = Debug|Any CPU
		Release|Any CPU = Release|Any CPU
	EndGlobalSection
	GlobalSection(ProjectConfigurationPlatforms) = postSolution
		{17B28096-807D-833E-3A1D-4E5BE238FB15}.Debug|Any CPU.ActiveCfg = Debug|Any CPU
		{17B28096-807D-833E-3A1D-4E5BE238FB15}.Debug|Any CPU.Build.0 = Debug|Any CPU
		{17B28096-807D-833E-3A1D-4E5BE238FB15}.Release|Any CPU.ActiveCfg = Release|Any CPU
		{17B28096-807D-833E-3A1D-4E5BE238FB15}.Release|Any CPU.Build.0 = Release|Any CPU
		{9B567787-016A-BBDB-1271-74224712FA81}.Debug|Any CPU.ActiveCfg = Debug|Any CPU
		{9B567787-016A-BBDB-1271-74224712FA81}.Debug|Any CPU.Build.0 = Debug|Any CPU
		{9B567787-016A-BBDB-1271-74224712FA81}.Release|Any CPU.ActiveCfg = Release|Any CPU
		{9B567787-016A-BBDB-1271-74224712FA81}.Release|Any CPU.Build.0 = Release|Any CPU
		{B93EB711-3A10-2DA7-DF71-0A4E2A2ED80C}.Debug|Any CPU.ActiveCfg = Debug|Any CPU
		{B93EB711-3A10-2DA7-DF71-0A4E2A2ED80C}.Debug|Any CPU.Build.0 = Debug|Any CPU
		{B93EB711-3A10-2DA7-DF71-0A4E2A2ED80C}.Release|Any CPU.ActiveCfg = Release|Any CPU
		{B93EB711-3A10-2DA7-DF71-0A4E2A2ED80C}.Release|Any CPU.Build.0 = Release|Any CPU
	EndGlobalSection
	GlobalSection(SolutionProperties) = preSolution
		HideSolutionNode = FALSE
	EndGlobalSection
	GlobalSection(MonoDevelopProperties) = preSolution
		StartupItem = Assembly-CSharp.csproj
	EndGlobalSection
EndGlobal
